
Microsoft Visual Studio Solution File, Format Version 12.00
# Visual Studio Version 16
VisualStudioVersion = 16.0.808.0
MinimumVisualStudioVersion = 10.0.40219.1
Project("{FAE04EC0-301F-11D3-BF4B-00C04F79EFBC}") = "melo", "melo\melo.csproj", "{0C3C5055-E0A2-43C5-A12C-46B5D33DEC3C}"
EndProject
Global
	GlobalSection(SolutionConfigurationPlatforms) = preSolution
		Debug|Any CPU = Debug|Any CPU
		Release|Any CPU = Release|Any CPU
	EndGlobalSection
	GlobalSection(ProjectConfigurationPlatforms) = postSolution
		{0C3C5055-E0A2-43C5-A12C-46B5D33DEC3C}.Debug|Any CPU.ActiveCfg = Debug|Any CPU
		{0C3C5055-E0A2-43C5-A12C-46B5D33DEC3C}.Debug|Any CPU.Build.0 = Debug|Any CPU
		{0C3C5055-E0A2-43C5-A12C-46B5D33DEC3C}.Release|Any CPU.ActiveCfg = Release|Any CPU
		{0C3C5055-E0A2-43C5-A12C-46B5D33DEC3C}.Release|Any CPU.Build.0 = Release|Any CPU
	EndGlobalSection
	GlobalSection(SolutionProperties) = preSolution
		HideSolutionNode = FALSE
	EndGlobalSection
	GlobalSection(ExtensibilityGlobals) = postSolution
		SolutionGuid = {E439E6B5-A668-4D3D-B9FE-C5E0CBBC69CF}
	EndGlobalSection
EndGlobal
